// !$*UTF8*$!
{
	archiveVersion = 1;
	classes = {
	};
	objectVersion = 45;
	objects = {

/* Begin PBXBuildFile section */
		6368FC1529AE54F1003FFB41 /* libflashrom.c in Sources */ = {isa = PBXBuildFile; fileRef = 6368FBAE29AE54F1003FFB41 /* libflashrom.c */; };
		6368FC1629AE54F1003FFB41 /* flashrom.c in Sources */ = {isa = PBXBuildFile; fileRef = 6368FBAF29AE54F1003FFB41 /* flashrom.c */; };
		6368FC1729AE54F1003FFB41 /* fmap.c in Sources */ = {isa = PBXBuildFile; fileRef = 6368FBB029AE54F1003FFB41 /* fmap.c */; };
		6368FC1829AE54F1003FFB41 /* stlinkv3_spi.c in Sources */ = {isa = PBXBuildFile; fileRef = 6368FBB129AE54F1003FFB41 /* stlinkv3_spi.c */; };
		6368FC1929AE54F1003FFB41 /* spi.c in Sources */ = {isa = PBXBuildFile; fileRef = 6368FBB229AE54F1003FFB41 /* spi.c */; };
		6368FC1A29AE54F1003FFB41 /* ft2232_spi.c in Sources */ = {isa = PBXBuildFile; fileRef = 6368FBB329AE54F1003FFB41 /* ft2232_spi.c */; };
		6368FC1B29AE54F1003FFB41 /* usbblaster_spi.c in Sources */ = {isa = PBXBuildFile; fileRef = 6368FBB429AE54F1003FFB41 /* usbblaster_spi.c */; };
		6368FC1C29AE54F1003FFB41 /* nicintel_spi.c in Sources */ = {isa = PBXBuildFile; fileRef = 6368FBB529AE54F1003FFB41 /* nicintel_spi.c */; };
		6368FC1D29AE54F1003FFB41 /* parallel.c in Sources */ = {isa = PBXBuildFile; fileRef = 6368FBB629AE54F1003FFB41 /* parallel.c */; };
		6368FC1E29AE54F1003FFB41 /* s25f.c in Sources */ = {isa = PBXBuildFile; fileRef = 6368FBB729AE54F1003FFB41 /* s25f.c */; };
		6368FC1F29AE54F1003FFB41 /* pickit2_spi.c in Sources */ = {isa = PBXBuildFile; fileRef = 6368FBB829AE54F1003FFB41 /* pickit2_spi.c */; };
		6368FC2029AE54F1003FFB41 /* flashchips.c in Sources */ = {isa = PBXBuildFile; fileRef = 6368FBB929AE54F1003FFB41 /* flashchips.c */; };
		6368FC2129AE54F1003FFB41 /* writeprotect.c in Sources */ = {isa = PBXBuildFile; fileRef = 6368FBBA29AE54F1003FFB41 /* writeprotect.c */; };
		6368FC2229AE54F1003FFB41 /* drkaiser.c in Sources */ = {isa = PBXBuildFile; fileRef = 6368FBBB29AE54F1003FFB41 /* drkaiser.c */; };
		6368FC2329AE54F1003FFB41 /* nicintel_eeprom.c in Sources */ = {isa = PBXBuildFile; fileRef = 6368FBBC29AE54F1003FFB41 /* nicintel_eeprom.c */; };
		6368FC2429AE54F1003FFB41 /* writeprotect_ranges.c in Sources */ = {isa = PBXBuildFile; fileRef = 6368FBBD29AE54F1003FFB41 /* writeprotect_ranges.c */; };
		6368FC2529AE54F1003FFB41 /* atavia.c in Sources */ = {isa = PBXBuildFile; fileRef = 6368FBBE29AE54F1003FFB41 /* atavia.c */; };
		6368FC2629AE54F1003FFB41 /* nicintel.c in Sources */ = {isa = PBXBuildFile; fileRef = 6368FBBF29AE54F1003FFB41 /* nicintel.c */; };
		6368FC2729AE54F1003FFB41 /* developerbox_spi.c in Sources */ = {isa = PBXBuildFile; fileRef = 6368FBC029AE54F1003FFB41 /* developerbox_spi.c */; };
		6368FC2829AE54F1003FFB41 /* ch341a_spi.c in Sources */ = {isa = PBXBuildFile; fileRef = 6368FBC129AE54F1003FFB41 /* ch341a_spi.c */; };
		6368FC2929AE54F1003FFB41 /* gfxnvidia.c in Sources */ = {isa = PBXBuildFile; fileRef = 6368FBC229AE54F1003FFB41 /* gfxnvidia.c */; };
		6368FC2A29AE54F1003FFB41 /* it8212.c in Sources */ = {isa = PBXBuildFile; fileRef = 6368FBC329AE54F1003FFB41 /* it8212.c */; };
		6368FC2B29AE54F1003FFB41 /* digilent_spi.c in Sources */ = {isa = PBXBuildFile; fileRef = 6368FBC429AE54F1003FFB41 /* digilent_spi.c */; };
		6368FC2C29AE54F1003FFB41 /* dediprog.c in Sources */ = {isa = PBXBuildFile; fileRef = 6368FBC529AE54F1003FFB41 /* dediprog.c */; };
		6368FC2D29AE54F1003FFB41 /* opaque.c in Sources */ = {isa = PBXBuildFile; fileRef = 6368FBC629AE54F1003FFB41 /* opaque.c */; };
		6368FC2E29AE54F1003FFB41 /* edi.c in Sources */ = {isa = PBXBuildFile; fileRef = 6368FBC729AE54F1003FFB41 /* edi.c */; };
		6368FC2F29AE54F1003FFB41 /* cli_classic.c in Sources */ = {isa = PBXBuildFile; fileRef = 6368FBC829AE54F1003FFB41 /* cli_classic.c */; };
		6368FC3029AE54F1003FFB41 /* raiden_debug_spi.c in Sources */ = {isa = PBXBuildFile; fileRef = 6368FBC929AE54F1003FFB41 /* raiden_debug_spi.c */; };
		6368FC3129AE54F1003FFB41 /* dirtyjtag_spi.c in Sources */ = {isa = PBXBuildFile; fileRef = 6368FBCA29AE54F1003FFB41 /* dirtyjtag_spi.c */; };
		6368FC3229AE54F1003FFB41 /* satasii.c in Sources */ = {isa = PBXBuildFile; fileRef = 6368FBCB29AE54F1003FFB41 /* satasii.c */; };
		6368FC3329AE54F1003FFB41 /* ogp_spi.c in Sources */ = {isa = PBXBuildFile; fileRef = 6368FBCC29AE54F1003FFB41 /* ogp_spi.c */; };
		6368FC3529AE54F1003FFB41 /* w39.c in Sources */ = {isa = PBXBuildFile; fileRef = 6368FBCE29AE54F1003FFB41 /* w39.c */; };
		6368FC3629AE54F1003FFB41 /* w29ee011.c in Sources */ = {isa = PBXBuildFile; fileRef = 6368FBCF29AE54F1003FFB41 /* w29ee011.c */; };
		6368FC3729AE54F1003FFB41 /* usbdev.c in Sources */ = {isa = PBXBuildFile; fileRef = 6368FBD029AE54F1003FFB41 /* usbdev.c */; };
		6368FC3829AE54F1003FFB41 /* usb_device.c in Sources */ = {isa = PBXBuildFile; fileRef = 6368FBD129AE54F1003FFB41 /* usb_device.c */; };
		6368FC3929AE54F1003FFB41 /* udelay.c in Sources */ = {isa = PBXBuildFile; fileRef = 6368FBD229AE54F1003FFB41 /* udelay.c */; };
		6368FC3B29AE54F1003FFB41 /* stm50.c in Sources */ = {isa = PBXBuildFile; fileRef = 6368FBD429AE54F1003FFB41 /* stm50.c */; };
		6368FC3C29AE54F1003FFB41 /* sst_fwhub.c in Sources */ = {isa = PBXBuildFile; fileRef = 6368FBD529AE54F1003FFB41 /* sst_fwhub.c */; };
		6368FC3D29AE54F1003FFB41 /* sst49lfxxxc.c in Sources */ = {isa = PBXBuildFile; fileRef = 6368FBD629AE54F1003FFB41 /* sst49lfxxxc.c */; };
		6368FC3E29AE54F1003FFB41 /* sst28sf040.c in Sources */ = {isa = PBXBuildFile; fileRef = 6368FBD729AE54F1003FFB41 /* sst28sf040.c */; };
		6368FC3F29AE54F1003FFB41 /* spi95.c in Sources */ = {isa = PBXBuildFile; fileRef = 6368FBD829AE54F1003FFB41 /* spi95.c */; };
		6368FC4029AE54F1003FFB41 /* spi25_statusreg.c in Sources */ = {isa = PBXBuildFile; fileRef = 6368FBD929AE54F1003FFB41 /* spi25_statusreg.c */; };
		6368FC4129AE54F1003FFB41 /* spi25.c in Sources */ = {isa = PBXBuildFile; fileRef = 6368FBDA29AE54F1003FFB41 /* spi25.c */; };
		6368FC4229AE54F1003FFB41 /* sfdp.c in Sources */ = {isa = PBXBuildFile; fileRef = 6368FBDB29AE54F1003FFB41 /* sfdp.c */; };
		6368FC4329AE54F1003FFB41 /* serprog.c in Sources */ = {isa = PBXBuildFile; fileRef = 6368FBDC29AE54F1003FFB41 /* serprog.c */; };
		6368FC4429AE54F1003FFB41 /* serial.c in Sources */ = {isa = PBXBuildFile; fileRef = 6368FBDD29AE54F1003FFB41 /* serial.c */; };
		6368FC4629AE54F1003FFB41 /* satamv.c in Sources */ = {isa = PBXBuildFile; fileRef = 6368FBDF29AE54F1003FFB41 /* satamv.c */; };
		6368FC4829AE54F1003FFB41 /* rayer_spi.c in Sources */ = {isa = PBXBuildFile; fileRef = 6368FBE129AE54F1003FFB41 /* rayer_spi.c */; };
		6368FC4929AE54F1003FFB41 /* programmer_table.c in Sources */ = {isa = PBXBuildFile; fileRef = 6368FBE229AE54F1003FFB41 /* programmer_table.c */; };
		6368FC4A29AE54F1003FFB41 /* programmer.c in Sources */ = {isa = PBXBuildFile; fileRef = 6368FBE329AE54F1003FFB41 /* programmer.c */; };
		6368FC4B29AE54F1003FFB41 /* processor_enable.c in Sources */ = {isa = PBXBuildFile; fileRef = 6368FBE429AE54F1003FFB41 /* processor_enable.c */; };
		6368FC4C29AE54F1003FFB41 /* print_wiki.c in Sources */ = {isa = PBXBuildFile; fileRef = 6368FBE529AE54F1003FFB41 /* print_wiki.c */; };
		6368FC4D29AE54F1003FFB41 /* print.c in Sources */ = {isa = PBXBuildFile; fileRef = 6368FBE629AE54F1003FFB41 /* print.c */; };
		6368FC4E29AE54F1003FFB41 /* pony_spi.c in Sources */ = {isa = PBXBuildFile; fileRef = 6368FBE729AE54F1003FFB41 /* pony_spi.c */; };
		6368FC4F29AE54F1003FFB41 /* pcidev.c in Sources */ = {isa = PBXBuildFile; fileRef = 6368FBE829AE54F1003FFB41 /* pcidev.c */; };
		6368FC5129AE54F1003FFB41 /* nicrealtek.c in Sources */ = {isa = PBXBuildFile; fileRef = 6368FBEA29AE54F1003FFB41 /* nicrealtek.c */; };
		6368FC5229AE54F1003FFB41 /* nicnatsemi.c in Sources */ = {isa = PBXBuildFile; fileRef = 6368FBEB29AE54F1003FFB41 /* nicnatsemi.c */; };
		6368FC5329AE54F1003FFB41 /* nic3com.c in Sources */ = {isa = PBXBuildFile; fileRef = 6368FBEC29AE54F1003FFB41 /* nic3com.c */; };
		6368FC5729AE54F1003FFB41 /* mcp6x_spi.c in Sources */ = {isa = PBXBuildFile; fileRef = 6368FBF029AE54F1003FFB41 /* mcp6x_spi.c */; };
		6368FC5A29AE54F1003FFB41 /* layout.c in Sources */ = {isa = PBXBuildFile; fileRef = 6368FBF329AE54F1003FFB41 /* layout.c */; };
		6368FC5D29AE54F1003FFB41 /* jedec.c in Sources */ = {isa = PBXBuildFile; fileRef = 6368FBF629AE54F1003FFB41 /* jedec.c */; };
		6368FC6229AE54F1003FFB41 /* ich_descriptors.c in Sources */ = {isa = PBXBuildFile; fileRef = 6368FBFB29AE54F1003FFB41 /* ich_descriptors.c */; };
		6368FC6429AE54F1003FFB41 /* hwaccess_x86_msr.c in Sources */ = {isa = PBXBuildFile; fileRef = 6368FBFD29AE54F1003FFB41 /* hwaccess_x86_msr.c */; };
		6368FC6529AE54F1003FFB41 /* hwaccess_x86_io.c in Sources */ = {isa = PBXBuildFile; fileRef = 6368FBFE29AE54F1003FFB41 /* hwaccess_x86_io.c */; };
		6368FC6729AE54F1003FFB41 /* helpers_fileio.c in Sources */ = {isa = PBXBuildFile; fileRef = 6368FC0029AE54F1003FFB41 /* helpers_fileio.c */; };
		6368FC6829AE54F1003FFB41 /* en29lv640b.c in Sources */ = {isa = PBXBuildFile; fileRef = 6368FC0129AE54F1003FFB41 /* en29lv640b.c */; };
		6368FC6929AE54F1003FFB41 /* dummyflasher.c in Sources */ = {isa = PBXBuildFile; fileRef = 6368FC0229AE54F1003FFB41 /* dummyflasher.c */; };
		6368FC6B29AE54F1003FFB41 /* erasure_layout.c in Sources */ = {isa = PBXBuildFile; fileRef = 6368FC0429AE54F1003FFB41 /* erasure_layout.c */; };
		6368FC6C29AE54F1003FFB41 /* bitbang_spi.c in Sources */ = {isa = PBXBuildFile; fileRef = 6368FC0529AE54F1003FFB41 /* bitbang_spi.c */; };
		6368FC6D29AE54F1003FFB41 /* cbtable.c in Sources */ = {isa = PBXBuildFile; fileRef = 6368FC0629AE54F1003FFB41 /* cbtable.c */; };
		6368FC6E29AE54F1003FFB41 /* buspirate_spi.c in Sources */ = {isa = PBXBuildFile; fileRef = 6368FC0729AE54F1003FFB41 /* buspirate_spi.c */; };
		6368FC6F29AE54F1003FFB41 /* atahpt.c in Sources */ = {isa = PBXBuildFile; fileRef = 6368FC0829AE54F1003FFB41 /* atahpt.c */; };
		6368FC7029AE54F1003FFB41 /* at45db.c in Sources */ = {isa = PBXBuildFile; fileRef = 6368FC0929AE54F1003FFB41 /* at45db.c */; };
		6368FC7329AE54F1003FFB41 /* custom_baud_darwin.c in Sources */ = {isa = PBXBuildFile; fileRef = 6368FC0C29AE54F1003FFB41 /* custom_baud_darwin.c */; };
		6368FC7529AE54F1003FFB41 /* cli_output.c in Sources */ = {isa = PBXBuildFile; fileRef = 6368FC0E29AE54F1003FFB41 /* cli_output.c */; };
		6368FC7629AE54F1003FFB41 /* cli_common.c in Sources */ = {isa = PBXBuildFile; fileRef = 6368FC0F29AE54F1003FFB41 /* cli_common.c */; };
		6368FC7929AE54F1003FFB41 /* 82802ab.c in Sources */ = {isa = PBXBuildFile; fileRef = 6368FC1229AE54F1003FFB41 /* 82802ab.c */; };
		6368FC7A29AE54F1003FFB41 /* helpers.c in Sources */ = {isa = PBXBuildFile; fileRef = 6368FC1329AE54F1003FFB41 /* helpers.c */; };
		6368FC7B29AE54F1003FFB41 /* atapromise.c in Sources */ = {isa = PBXBuildFile; fileRef = 6368FC1429AE54F1003FFB41 /* atapromise.c */; };
		6368FCC129AE5ABD003FFB41 /* IOKit.framework in Frameworks */ = {isa = PBXBuildFile; fileRef = 6368FCC029AE5ABD003FFB41 /* IOKit.framework */; };
		6368FD7429AE5C02003FFB41 /* CoreFoundation.framework in Frameworks */ = {isa = PBXBuildFile; fileRef = 6368FD7329AE5C02003FFB41 /* CoreFoundation.framework */; };
		6368FD7929AE5D3B003FFB41 /* libusb-1.0.dylib in Frameworks */ = {isa = PBXBuildFile; fileRef = 6368FD7829AE5D3B003FFB41 /* libusb-1.0.dylib */; };
		6368FD7C29AE5D86003FFB41 /* libDirectHW.dylib in Frameworks */ = {isa = PBXBuildFile; fileRef = 6368FD7B29AE5D86003FFB41 /* libDirectHW.dylib */; };
		6368FD7E29AE5DF3003FFB41 /* libftdi1.dylib in Frameworks */ = {isa = PBXBuildFile; fileRef = 6368FD7D29AE5DF3003FFB41 /* libftdi1.dylib */; };
		6368FD8129AE5ECB003FFB41 /* libpci.a in Frameworks */ = {isa = PBXBuildFile; fileRef = 6368FD8029AE5ECB003FFB41 /* libpci.a */; };
		6368FD8429AE5F34003FFB41 /* libz.dylib in Frameworks */ = {isa = PBXBuildFile; fileRef = 6368FD8329AE5F34003FFB41 /* libz.dylib */; };
		6368FDB229AE61E7003FFB41 /* hwaccess_physmap.c in Sources */ = {isa = PBXBuildFile; fileRef = 6368FBFF29AE54F1003FFB41 /* hwaccess_physmap.c */; };
		6368FDDF29AE6380003FFB41 /* endian_big.c in Sources */ = {isa = PBXBuildFile; fileRef = 6368FDDC29AE6380003FFB41 /* endian_big.c */; };
		6368FDE129AE6380003FFB41 /* memaccess.c in Sources */ = {isa = PBXBuildFile; fileRef = 6368FDDE29AE6380003FFB41 /* memaccess.c */; };
/* End PBXBuildFile section */

/* Begin PBXCopyFilesBuildPhase section */
		8DD76FAF0486AB0100D96B5E /* CopyFiles */ = {
			isa = PBXCopyFilesBuildPhase;
			buildActionMask = 8;
			dstPath = /usr/share/man/man1/;
			dstSubfolderSpec = 0;
			files = (
			);
			runOnlyForDeploymentPostprocessing = 1;
		};
/* End PBXCopyFilesBuildPhase section */

/* Begin PBXFileReference section */
		6368FBAE29AE54F1003FFB41 /* libflashrom.c */ = {isa = PBXFileReference; fileEncoding = 4; lastKnownFileType = sourcecode.c.c; path = libflashrom.c; sourceTree = "<group>"; };
		6368FBAF29AE54F1003FFB41 /* flashrom.c */ = {isa = PBXFileReference; fileEncoding = 4; lastKnownFileType = sourcecode.c.c; path = flashrom.c; sourceTree = "<group>"; };
		6368FBB029AE54F1003FFB41 /* fmap.c */ = {isa = PBXFileReference; fileEncoding = 4; lastKnownFileType = sourcecode.c.c; path = fmap.c; sourceTree = "<group>"; };
		6368FBB129AE54F1003FFB41 /* stlinkv3_spi.c */ = {isa = PBXFileReference; fileEncoding = 4; lastKnownFileType = sourcecode.c.c; path = stlinkv3_spi.c; sourceTree = "<group>"; };
		6368FBB229AE54F1003FFB41 /* spi.c */ = {isa = PBXFileReference; fileEncoding = 4; lastKnownFileType = sourcecode.c.c; path = spi.c; sourceTree = "<group>"; };
		6368FBB329AE54F1003FFB41 /* ft2232_spi.c */ = {isa = PBXFileReference; fileEncoding = 4; lastKnownFileType = sourcecode.c.c; path = ft2232_spi.c; sourceTree = "<group>"; };
		6368FBB429AE54F1003FFB41 /* usbblaster_spi.c */ = {isa = PBXFileReference; fileEncoding = 4; lastKnownFileType = sourcecode.c.c; path = usbblaster_spi.c; sourceTree = "<group>"; };
		6368FBB529AE54F1003FFB41 /* nicintel_spi.c */ = {isa = PBXFileReference; fileEncoding = 4; lastKnownFileType = sourcecode.c.c; path = nicintel_spi.c; sourceTree = "<group>"; };
		6368FBB629AE54F1003FFB41 /* parallel.c */ = {isa = PBXFileReference; fileEncoding = 4; lastKnownFileType = sourcecode.c.c; path = parallel.c; sourceTree = "<group>"; };
		6368FBB729AE54F1003FFB41 /* s25f.c */ = {isa = PBXFileReference; fileEncoding = 4; lastKnownFileType = sourcecode.c.c; path = s25f.c; sourceTree = "<group>"; };
		6368FBB829AE54F1003FFB41 /* pickit2_spi.c */ = {isa = PBXFileReference; fileEncoding = 4; lastKnownFileType = sourcecode.c.c; path = pickit2_spi.c; sourceTree = "<group>"; };
		6368FBB929AE54F1003FFB41 /* flashchips.c */ = {isa = PBXFileReference; fileEncoding = 4; lastKnownFileType = sourcecode.c.c; path = flashchips.c; sourceTree = "<group>"; };
		6368FBBA29AE54F1003FFB41 /* writeprotect.c */ = {isa = PBXFileReference; fileEncoding = 4; lastKnownFileType = sourcecode.c.c; path = writeprotect.c; sourceTree = "<group>"; };
		6368FBBB29AE54F1003FFB41 /* drkaiser.c */ = {isa = PBXFileReference; fileEncoding = 4; lastKnownFileType = sourcecode.c.c; path = drkaiser.c; sourceTree = "<group>"; };
		6368FBBC29AE54F1003FFB41 /* nicintel_eeprom.c */ = {isa = PBXFileReference; fileEncoding = 4; lastKnownFileType = sourcecode.c.c; path = nicintel_eeprom.c; sourceTree = "<group>"; };
		6368FBBD29AE54F1003FFB41 /* writeprotect_ranges.c */ = {isa = PBXFileReference; fileEncoding = 4; lastKnownFileType = sourcecode.c.c; path = writeprotect_ranges.c; sourceTree = "<group>"; };
		6368FBBE29AE54F1003FFB41 /* atavia.c */ = {isa = PBXFileReference; fileEncoding = 4; lastKnownFileType = sourcecode.c.c; path = atavia.c; sourceTree = "<group>"; };
		6368FBBF29AE54F1003FFB41 /* nicintel.c */ = {isa = PBXFileReference; fileEncoding = 4; lastKnownFileType = sourcecode.c.c; path = nicintel.c; sourceTree = "<group>"; };
		6368FBC029AE54F1003FFB41 /* developerbox_spi.c */ = {isa = PBXFileReference; fileEncoding = 4; lastKnownFileType = sourcecode.c.c; path = developerbox_spi.c; sourceTree = "<group>"; };
		6368FBC129AE54F1003FFB41 /* ch341a_spi.c */ = {isa = PBXFileReference; fileEncoding = 4; lastKnownFileType = sourcecode.c.c; path = ch341a_spi.c; sourceTree = "<group>"; };
		6368FBC229AE54F1003FFB41 /* gfxnvidia.c */ = {isa = PBXFileReference; fileEncoding = 4; lastKnownFileType = sourcecode.c.c; path = gfxnvidia.c; sourceTree = "<group>"; };
		6368FBC329AE54F1003FFB41 /* it8212.c */ = {isa = PBXFileReference; fileEncoding = 4; lastKnownFileType = sourcecode.c.c; path = it8212.c; sourceTree = "<group>"; };
		6368FBC429AE54F1003FFB41 /* digilent_spi.c */ = {isa = PBXFileReference; fileEncoding = 4; lastKnownFileType = sourcecode.c.c; path = digilent_spi.c; sourceTree = "<group>"; };
		6368FBC529AE54F1003FFB41 /* dediprog.c */ = {isa = PBXFileReference; fileEncoding = 4; lastKnownFileType = sourcecode.c.c; path = dediprog.c; sourceTree = "<group>"; };
		6368FBC629AE54F1003FFB41 /* opaque.c */ = {isa = PBXFileReference; fileEncoding = 4; lastKnownFileType = sourcecode.c.c; path = opaque.c; sourceTree = "<group>"; };
		6368FBC729AE54F1003FFB41 /* edi.c */ = {isa = PBXFileReference; fileEncoding = 4; lastKnownFileType = sourcecode.c.c; path = edi.c; sourceTree = "<group>"; };
		6368FBC829AE54F1003FFB41 /* cli_classic.c */ = {isa = PBXFileReference; fileEncoding = 4; lastKnownFileType = sourcecode.c.c; path = cli_classic.c; sourceTree = "<group>"; };
		6368FBC929AE54F1003FFB41 /* raiden_debug_spi.c */ = {isa = PBXFileReference; fileEncoding = 4; lastKnownFileType = sourcecode.c.c; path = raiden_debug_spi.c; sourceTree = "<group>"; };
		6368FBCA29AE54F1003FFB41 /* dirtyjtag_spi.c */ = {isa = PBXFileReference; fileEncoding = 4; lastKnownFileType = sourcecode.c.c; path = dirtyjtag_spi.c; sourceTree = "<group>"; };
		6368FBCB29AE54F1003FFB41 /* satasii.c */ = {isa = PBXFileReference; fileEncoding = 4; lastKnownFileType = sourcecode.c.c; path = satasii.c; sourceTree = "<group>"; };
		6368FBCC29AE54F1003FFB41 /* ogp_spi.c */ = {isa = PBXFileReference; fileEncoding = 4; lastKnownFileType = sourcecode.c.c; path = ogp_spi.c; sourceTree = "<group>"; };
		6368FBCD29AE54F1003FFB41 /* wbsio_spi.c */ = {isa = PBXFileReference; fileEncoding = 4; lastKnownFileType = sourcecode.c.c; path = wbsio_spi.c; sourceTree = "<group>"; };
		6368FBCE29AE54F1003FFB41 /* w39.c */ = {isa = PBXFileReference; fileEncoding = 4; lastKnownFileType = sourcecode.c.c; path = w39.c; sourceTree = "<group>"; };
		6368FBCF29AE54F1003FFB41 /* w29ee011.c */ = {isa = PBXFileReference; fileEncoding = 4; lastKnownFileType = sourcecode.c.c; path = w29ee011.c; sourceTree = "<group>"; };
		6368FBD029AE54F1003FFB41 /* usbdev.c */ = {isa = PBXFileReference; fileEncoding = 4; lastKnownFileType = sourcecode.c.c; path = usbdev.c; sourceTree = "<group>"; };
		6368FBD129AE54F1003FFB41 /* usb_device.c */ = {isa = PBXFileReference; fileEncoding = 4; lastKnownFileType = sourcecode.c.c; path = usb_device.c; sourceTree = "<group>"; };
		6368FBD229AE54F1003FFB41 /* udelay.c */ = {isa = PBXFileReference; fileEncoding = 4; lastKnownFileType = sourcecode.c.c; path = udelay.c; sourceTree = "<group>"; };
		6368FBD329AE54F1003FFB41 /* superio.c */ = {isa = PBXFileReference; fileEncoding = 4; lastKnownFileType = sourcecode.c.c; path = superio.c; sourceTree = "<group>"; };
		6368FBD429AE54F1003FFB41 /* stm50.c */ = {isa = PBXFileReference; fileEncoding = 4; lastKnownFileType = sourcecode.c.c; path = stm50.c; sourceTree = "<group>"; };
		6368FBD529AE54F1003FFB41 /* sst_fwhub.c */ = {isa = PBXFileReference; fileEncoding = 4; lastKnownFileType = sourcecode.c.c; path = sst_fwhub.c; sourceTree = "<group>"; };
		6368FBD629AE54F1003FFB41 /* sst49lfxxxc.c */ = {isa = PBXFileReference; fileEncoding = 4; lastKnownFileType = sourcecode.c.c; path = sst49lfxxxc.c; sourceTree = "<group>"; };
		6368FBD729AE54F1003FFB41 /* sst28sf040.c */ = {isa = PBXFileReference; fileEncoding = 4; lastKnownFileType = sourcecode.c.c; path = sst28sf040.c; sourceTree = "<group>"; };
		6368FBD829AE54F1003FFB41 /* spi95.c */ = {isa = PBXFileReference; fileEncoding = 4; lastKnownFileType = sourcecode.c.c; path = spi95.c; sourceTree = "<group>"; };
		6368FBD929AE54F1003FFB41 /* spi25_statusreg.c */ = {isa = PBXFileReference; fileEncoding = 4; lastKnownFileType = sourcecode.c.c; path = spi25_statusreg.c; sourceTree = "<group>"; };
		6368FBDA29AE54F1003FFB41 /* spi25.c */ = {isa = PBXFileReference; fileEncoding = 4; lastKnownFileType = sourcecode.c.c; path = spi25.c; sourceTree = "<group>"; };
		6368FBDB29AE54F1003FFB41 /* sfdp.c */ = {isa = PBXFileReference; fileEncoding = 4; lastKnownFileType = sourcecode.c.c; path = sfdp.c; sourceTree = "<group>"; };
		6368FBDC29AE54F1003FFB41 /* serprog.c */ = {isa = PBXFileReference; fileEncoding = 4; lastKnownFileType = sourcecode.c.c; path = serprog.c; sourceTree = "<group>"; };
		6368FBDD29AE54F1003FFB41 /* serial.c */ = {isa = PBXFileReference; fileEncoding = 4; lastKnownFileType = sourcecode.c.c; path = serial.c; sourceTree = "<group>"; };
		6368FBDE29AE54F1003FFB41 /* sb600spi.c */ = {isa = PBXFileReference; fileEncoding = 4; lastKnownFileType = sourcecode.c.c; path = sb600spi.c; sourceTree = "<group>"; };
		6368FBDF29AE54F1003FFB41 /* satamv.c */ = {isa = PBXFileReference; fileEncoding = 4; lastKnownFileType = sourcecode.c.c; path = satamv.c; sourceTree = "<group>"; };
		6368FBE029AE54F1003FFB41 /* realtek_mst_i2c_spi.c */ = {isa = PBXFileReference; fileEncoding = 4; lastKnownFileType = sourcecode.c.c; path = realtek_mst_i2c_spi.c; sourceTree = "<group>"; };
		6368FBE129AE54F1003FFB41 /* rayer_spi.c */ = {isa = PBXFileReference; fileEncoding = 4; lastKnownFileType = sourcecode.c.c; path = rayer_spi.c; sourceTree = "<group>"; };
		6368FBE229AE54F1003FFB41 /* programmer_table.c */ = {isa = PBXFileReference; fileEncoding = 4; lastKnownFileType = sourcecode.c.c; path = programmer_table.c; sourceTree = "<group>"; };
		6368FBE329AE54F1003FFB41 /* programmer.c */ = {isa = PBXFileReference; fileEncoding = 4; lastKnownFileType = sourcecode.c.c; path = programmer.c; sourceTree = "<group>"; };
		6368FBE429AE54F1003FFB41 /* processor_enable.c */ = {isa = PBXFileReference; fileEncoding = 4; lastKnownFileType = sourcecode.c.c; path = processor_enable.c; sourceTree = "<group>"; };
		6368FBE529AE54F1003FFB41 /* print_wiki.c */ = {isa = PBXFileReference; fileEncoding = 4; lastKnownFileType = sourcecode.c.c; path = print_wiki.c; sourceTree = "<group>"; };
		6368FBE629AE54F1003FFB41 /* print.c */ = {isa = PBXFileReference; fileEncoding = 4; lastKnownFileType = sourcecode.c.c; path = print.c; sourceTree = "<group>"; };
		6368FBE729AE54F1003FFB41 /* pony_spi.c */ = {isa = PBXFileReference; fileEncoding = 4; lastKnownFileType = sourcecode.c.c; path = pony_spi.c; sourceTree = "<group>"; };
		6368FBE829AE54F1003FFB41 /* pcidev.c */ = {isa = PBXFileReference; fileEncoding = 4; lastKnownFileType = sourcecode.c.c; path = pcidev.c; sourceTree = "<group>"; };
		6368FBE929AE54F1003FFB41 /* parade_lspcon.c */ = {isa = PBXFileReference; fileEncoding = 4; lastKnownFileType = sourcecode.c.c; path = parade_lspcon.c; sourceTree = "<group>"; };
		6368FBEA29AE54F1003FFB41 /* nicrealtek.c */ = {isa = PBXFileReference; fileEncoding = 4; lastKnownFileType = sourcecode.c.c; path = nicrealtek.c; sourceTree = "<group>"; };
		6368FBEB29AE54F1003FFB41 /* nicnatsemi.c */ = {isa = PBXFileReference; fileEncoding = 4; lastKnownFileType = sourcecode.c.c; path = nicnatsemi.c; sourceTree = "<group>"; };
		6368FBEC29AE54F1003FFB41 /* nic3com.c */ = {isa = PBXFileReference; fileEncoding = 4; lastKnownFileType = sourcecode.c.c; path = nic3com.c; sourceTree = "<group>"; };
		6368FBED29AE54F1003FFB41 /* ni845x_spi.c */ = {isa = PBXFileReference; fileEncoding = 4; lastKnownFileType = sourcecode.c.c; path = ni845x_spi.c; sourceTree = "<group>"; };
		6368FBEE29AE54F1003FFB41 /* mstarddc_spi.c */ = {isa = PBXFileReference; fileEncoding = 4; lastKnownFileType = sourcecode.c.c; path = mstarddc_spi.c; sourceTree = "<group>"; };
		6368FBEF29AE54F1003FFB41 /* mediatek_i2c_spi.c */ = {isa = PBXFileReference; fileEncoding = 4; lastKnownFileType = sourcecode.c.c; path = mediatek_i2c_spi.c; sourceTree = "<group>"; };
		6368FBF029AE54F1003FFB41 /* mcp6x_spi.c */ = {isa = PBXFileReference; fileEncoding = 4; lastKnownFileType = sourcecode.c.c; path = mcp6x_spi.c; sourceTree = "<group>"; };
		6368FBF129AE54F1003FFB41 /* linux_spi.c */ = {isa = PBXFileReference; fileEncoding = 4; lastKnownFileType = sourcecode.c.c; path = linux_spi.c; sourceTree = "<group>"; };
		6368FBF229AE54F1003FFB41 /* linux_mtd.c */ = {isa = PBXFileReference; fileEncoding = 4; lastKnownFileType = sourcecode.c.c; path = linux_mtd.c; sourceTree = "<group>"; };
		6368FBF329AE54F1003FFB41 /* layout.c */ = {isa = PBXFileReference; fileEncoding = 4; lastKnownFileType = sourcecode.c.c; path = layout.c; sourceTree = "<group>"; };
		6368FBF429AE54F1003FFB41 /* known_boards.c */ = {isa = PBXFileReference; fileEncoding = 4; lastKnownFileType = sourcecode.c.c; path = known_boards.c; sourceTree = "<group>"; };
		6368FBF529AE54F1003FFB41 /* jlink_spi.c */ = {isa = PBXFileReference; fileEncoding = 4; lastKnownFileType = sourcecode.c.c; path = jlink_spi.c; sourceTree = "<group>"; };
		6368FBF629AE54F1003FFB41 /* jedec.c */ = {isa = PBXFileReference; fileEncoding = 4; lastKnownFileType = sourcecode.c.c; path = jedec.c; sourceTree = "<group>"; };
		6368FBF729AE54F1003FFB41 /* it87spi.c */ = {isa = PBXFileReference; fileEncoding = 4; lastKnownFileType = sourcecode.c.c; path = it87spi.c; sourceTree = "<group>"; };
		6368FBF829AE54F1003FFB41 /* internal_par.c */ = {isa = PBXFileReference; fileEncoding = 4; lastKnownFileType = sourcecode.c.c; path = internal_par.c; sourceTree = "<group>"; };
		6368FBF929AE54F1003FFB41 /* internal.c */ = {isa = PBXFileReference; fileEncoding = 4; lastKnownFileType = sourcecode.c.c; path = internal.c; sourceTree = "<group>"; };
		6368FBFA29AE54F1003FFB41 /* ichspi.c */ = {isa = PBXFileReference; fileEncoding = 4; lastKnownFileType = sourcecode.c.c; path = ichspi.c; sourceTree = "<group>"; };
		6368FBFB29AE54F1003FFB41 /* ich_descriptors.c */ = {isa = PBXFileReference; fileEncoding = 4; lastKnownFileType = sourcecode.c.c; path = ich_descriptors.c; sourceTree = "<group>"; };
		6368FBFC29AE54F1003FFB41 /* i2c_helper_linux.c */ = {isa = PBXFileReference; fileEncoding = 4; lastKnownFileType = sourcecode.c.c; path = i2c_helper_linux.c; sourceTree = "<group>"; };
		6368FBFD29AE54F1003FFB41 /* hwaccess_x86_msr.c */ = {isa = PBXFileReference; fileEncoding = 4; lastKnownFileType = sourcecode.c.c; path = hwaccess_x86_msr.c; sourceTree = "<group>"; };
		6368FBFE29AE54F1003FFB41 /* hwaccess_x86_io.c */ = {isa = PBXFileReference; fileEncoding = 4; lastKnownFileType = sourcecode.c.c; path = hwaccess_x86_io.c; sourceTree = "<group>"; };
		6368FBFF29AE54F1003FFB41 /* hwaccess_physmap.c */ = {isa = PBXFileReference; fileEncoding = 4; lastKnownFileType = sourcecode.c.c; path = hwaccess_physmap.c; sourceTree = "<group>"; };
		6368FC0029AE54F1003FFB41 /* helpers_fileio.c */ = {isa = PBXFileReference; fileEncoding = 4; lastKnownFileType = sourcecode.c.c; path = helpers_fileio.c; sourceTree = "<group>"; };
		6368FC0129AE54F1003FFB41 /* en29lv640b.c */ = {isa = PBXFileReference; fileEncoding = 4; lastKnownFileType = sourcecode.c.c; path = en29lv640b.c; sourceTree = "<group>"; };
		6368FC0229AE54F1003FFB41 /* dummyflasher.c */ = {isa = PBXFileReference; fileEncoding = 4; lastKnownFileType = sourcecode.c.c; path = dummyflasher.c; sourceTree = "<group>"; };
		6368FC0329AE54F1003FFB41 /* dmi.c */ = {isa = PBXFileReference; fileEncoding = 4; lastKnownFileType = sourcecode.c.c; path = dmi.c; sourceTree = "<group>"; };
		6368FC0429AE54F1003FFB41 /* erasure_layout.c */ = {isa = PBXFileReference; fileEncoding = 4; lastKnownFileType = sourcecode.c.c; path = erasure_layout.c; sourceTree = "<group>"; };
		6368FC0529AE54F1003FFB41 /* bitbang_spi.c */ = {isa = PBXFileReference; fileEncoding = 4; lastKnownFileType = sourcecode.c.c; path = bitbang_spi.c; sourceTree = "<group>"; };
		6368FC0629AE54F1003FFB41 /* cbtable.c */ = {isa = PBXFileReference; fileEncoding = 4; lastKnownFileType = sourcecode.c.c; path = cbtable.c; sourceTree = "<group>"; };
		6368FC0729AE54F1003FFB41 /* buspirate_spi.c */ = {isa = PBXFileReference; fileEncoding = 4; lastKnownFileType = sourcecode.c.c; path = buspirate_spi.c; sourceTree = "<group>"; };
		6368FC0829AE54F1003FFB41 /* atahpt.c */ = {isa = PBXFileReference; fileEncoding = 4; lastKnownFileType = sourcecode.c.c; path = atahpt.c; sourceTree = "<group>"; };
		6368FC0929AE54F1003FFB41 /* at45db.c */ = {isa = PBXFileReference; fileEncoding = 4; lastKnownFileType = sourcecode.c.c; path = at45db.c; sourceTree = "<group>"; };
		6368FC0A29AE54F1003FFB41 /* chipset_enable.c */ = {isa = PBXFileReference; fileEncoding = 4; lastKnownFileType = sourcecode.c.c; path = chipset_enable.c; sourceTree = "<group>"; };
		6368FC0B29AE54F1003FFB41 /* custom_baud_linux.c */ = {isa = PBXFileReference; fileEncoding = 4; lastKnownFileType = sourcecode.c.c; path = custom_baud_linux.c; sourceTree = "<group>"; };
		6368FC0C29AE54F1003FFB41 /* custom_baud_darwin.c */ = {isa = PBXFileReference; fileEncoding = 4; lastKnownFileType = sourcecode.c.c; path = custom_baud_darwin.c; sourceTree = "<group>"; };
		6368FC0D29AE54F1003FFB41 /* custom_baud.c */ = {isa = PBXFileReference; fileEncoding = 4; lastKnownFileType = sourcecode.c.c; path = custom_baud.c; sourceTree = "<group>"; };
		6368FC0E29AE54F1003FFB41 /* cli_output.c */ = {isa = PBXFileReference; fileEncoding = 4; lastKnownFileType = sourcecode.c.c; path = cli_output.c; sourceTree = "<group>"; };
		6368FC0F29AE54F1003FFB41 /* cli_common.c */ = {isa = PBXFileReference; fileEncoding = 4; lastKnownFileType = sourcecode.c.c; path = cli_common.c; sourceTree = "<group>"; };
		6368FC1029AE54F1003FFB41 /* board_enable.c */ = {isa = PBXFileReference; fileEncoding = 4; lastKnownFileType = sourcecode.c.c; path = board_enable.c; sourceTree = "<group>"; };
		6368FC1129AE54F1003FFB41 /* amd_imc.c */ = {isa = PBXFileReference; fileEncoding = 4; lastKnownFileType = sourcecode.c.c; path = amd_imc.c; sourceTree = "<group>"; };
		6368FC1229AE54F1003FFB41 /* 82802ab.c */ = {isa = PBXFileReference; fileEncoding = 4; lastKnownFileType = sourcecode.c.c; path = 82802ab.c; sourceTree = "<group>"; };
		6368FC1329AE54F1003FFB41 /* helpers.c */ = {isa = PBXFileReference; fileEncoding = 4; lastKnownFileType = sourcecode.c.c; path = helpers.c; sourceTree = "<group>"; };
		6368FC1429AE54F1003FFB41 /* atapromise.c */ = {isa = PBXFileReference; fileEncoding = 4; lastKnownFileType = sourcecode.c.c; path = atapromise.c; sourceTree = "<group>"; };
		6368FCC029AE5ABD003FFB41 /* IOKit.framework */ = {isa = PBXFileReference; lastKnownFileType = wrapper.framework; name = IOKit.framework; path = /System/Library/Frameworks/IOKit.framework; sourceTree = "<absolute>"; };
		6368FD7329AE5C02003FFB41 /* CoreFoundation.framework */ = {isa = PBXFileReference; lastKnownFileType = wrapper.framework; name = CoreFoundation.framework; path = /System/Library/Frameworks/CoreFoundation.framework; sourceTree = "<absolute>"; };
		6368FD7829AE5D3B003FFB41 /* libusb-1.0.dylib */ = {isa = PBXFileReference; lastKnownFileType = "compiled.mach-o.dylib"; name = "libusb-1.0.dylib"; path = "/usr/local/lib/libusb-1.0.dylib"; sourceTree = "<absolute>"; };
		6368FD7B29AE5D86003FFB41 /* libDirectHW.dylib */ = {isa = PBXFileReference; lastKnownFileType = "compiled.mach-o.dylib"; name = libDirectHW.dylib; path = /usr/local/lib/libDirectHW.dylib; sourceTree = "<absolute>"; };
		6368FD7D29AE5DF3003FFB41 /* libftdi1.dylib */ = {isa = PBXFileReference; lastKnownFileType = "compiled.mach-o.dylib"; name = libftdi1.dylib; path = /usr/local/lib/libftdi1.dylib; sourceTree = "<absolute>"; };
		6368FD8029AE5ECB003FFB41 /* libpci.a */ = {isa = PBXFileReference; lastKnownFileType = archive.ar; name = libpci.a; path = /usr/local/lib/libpci.a; sourceTree = "<absolute>"; };
		6368FD8329AE5F34003FFB41 /* libz.dylib */ = {isa = PBXFileReference; lastKnownFileType = "compiled.mach-o.dylib"; name = libz.dylib; path = /usr/lib/libz.dylib; sourceTree = "<absolute>"; };
		6368FDDC29AE6380003FFB41 /* endian_big.c */ = {isa = PBXFileReference; fileEncoding = 4; lastKnownFileType = sourcecode.c.c; name = endian_big.c; path = platform/endian_big.c; sourceTree = "<group>"; };
		6368FDDD29AE6380003FFB41 /* endian_little.c */ = {isa = PBXFileReference; fileEncoding = 4; lastKnownFileType = sourcecode.c.c; name = endian_little.c; path = platform/endian_little.c; sourceTree = "<group>"; };
		6368FDDE29AE6380003FFB41 /* memaccess.c */ = {isa = PBXFileReference; fileEncoding = 4; lastKnownFileType = sourcecode.c.c; name = memaccess.c; path = platform/memaccess.c; sourceTree = "<group>"; };
		8DD76FB20486AB0100D96B5E /* flashrom */ = {isa = PBXFileReference; explicitFileType = "compiled.mach-o.executable"; includeInIndex = 0; path = flashrom; sourceTree = BUILT_PRODUCTS_DIR; };
/* End PBXFileReference section */

/* Begin PBXFrameworksBuildPhase section */
		8DD76FAD0486AB0100D96B5E /* Frameworks */ = {
			isa = PBXFrameworksBuildPhase;
			buildActionMask = 2147483647;
			files = (
				6368FCC129AE5ABD003FFB41 /* IOKit.framework in Frameworks */,
				6368FD7429AE5C02003FFB41 /* CoreFoundation.framework in Frameworks */,
				6368FD7929AE5D3B003FFB41 /* libusb-1.0.dylib in Frameworks */,
				6368FD7C29AE5D86003FFB41 /* libDirectHW.dylib in Frameworks */,
				6368FD7E29AE5DF3003FFB41 /* libftdi1.dylib in Frameworks */,
				6368FD8129AE5ECB003FFB41 /* libpci.a in Frameworks */,
				6368FD8429AE5F34003FFB41 /* libz.dylib in Frameworks */,
			);
			runOnlyForDeploymentPostprocessing = 0;
		};
/* End PBXFrameworksBuildPhase section */

/* Begin PBXGroup section */
		08FB7794FE84155DC02AAC07 /* flashrom */ = {
			isa = PBXGroup;
			children = (
				08FB7795FE84155DC02AAC07 /* Source */,
				6368FCBF29AE5A81003FFB41 /* Frameworks */,
				C6A0FF2B0290797F04C91782 /* Libraries */,
				1AB674ADFE9D54B511CA2CBB /* Products */,
			);
			name = flashrom;
			sourceTree = "<group>";
		};
		08FB7795FE84155DC02AAC07 /* Source */ = {
			isa = PBXGroup;
			children = (
				6368FDDB29AE6364003FFB41 /* platform */,
				6368FBAE29AE54F1003FFB41 /* libflashrom.c */,
				6368FBAF29AE54F1003FFB41 /* flashrom.c */,
				6368FBB029AE54F1003FFB41 /* fmap.c */,
				6368FBB129AE54F1003FFB41 /* stlinkv3_spi.c */,
				6368FBB229AE54F1003FFB41 /* spi.c */,
				6368FBB329AE54F1003FFB41 /* ft2232_spi.c */,
				6368FBB429AE54F1003FFB41 /* usbblaster_spi.c */,
				6368FBB529AE54F1003FFB41 /* nicintel_spi.c */,
				6368FBB629AE54F1003FFB41 /* parallel.c */,
				6368FBB729AE54F1003FFB41 /* s25f.c */,
				6368FBB829AE54F1003FFB41 /* pickit2_spi.c */,
				6368FBB929AE54F1003FFB41 /* flashchips.c */,
				6368FBBA29AE54F1003FFB41 /* writeprotect.c */,
				6368FBBB29AE54F1003FFB41 /* drkaiser.c */,
				6368FBBC29AE54F1003FFB41 /* nicintel_eeprom.c */,
				6368FBBD29AE54F1003FFB41 /* writeprotect_ranges.c */,
				6368FBBE29AE54F1003FFB41 /* atavia.c */,
				6368FBBF29AE54F1003FFB41 /* nicintel.c */,
				6368FBC029AE54F1003FFB41 /* developerbox_spi.c */,
				6368FBC129AE54F1003FFB41 /* ch341a_spi.c */,
				6368FBC229AE54F1003FFB41 /* gfxnvidia.c */,
				6368FBC329AE54F1003FFB41 /* it8212.c */,
				6368FBC429AE54F1003FFB41 /* digilent_spi.c */,
				6368FBC529AE54F1003FFB41 /* dediprog.c */,
				6368FBC629AE54F1003FFB41 /* opaque.c */,
				6368FBC729AE54F1003FFB41 /* edi.c */,
				6368FBC829AE54F1003FFB41 /* cli_classic.c */,
				6368FBC929AE54F1003FFB41 /* raiden_debug_spi.c */,
				6368FBCA29AE54F1003FFB41 /* dirtyjtag_spi.c */,
				6368FBCB29AE54F1003FFB41 /* satasii.c */,
				6368FBCC29AE54F1003FFB41 /* ogp_spi.c */,
				6368FBCD29AE54F1003FFB41 /* wbsio_spi.c */,
				6368FBCE29AE54F1003FFB41 /* w39.c */,
				6368FBCF29AE54F1003FFB41 /* w29ee011.c */,
				6368FBD029AE54F1003FFB41 /* usbdev.c */,
				6368FBD129AE54F1003FFB41 /* usb_device.c */,
				6368FBD229AE54F1003FFB41 /* udelay.c */,
				6368FBD329AE54F1003FFB41 /* superio.c */,
				6368FBD429AE54F1003FFB41 /* stm50.c */,
				6368FBD529AE54F1003FFB41 /* sst_fwhub.c */,
				6368FBD629AE54F1003FFB41 /* sst49lfxxxc.c */,
				6368FBD729AE54F1003FFB41 /* sst28sf040.c */,
				6368FBD829AE54F1003FFB41 /* spi95.c */,
				6368FBD929AE54F1003FFB41 /* spi25_statusreg.c */,
				6368FBDA29AE54F1003FFB41 /* spi25.c */,
				6368FBDB29AE54F1003FFB41 /* sfdp.c */,
				6368FBDC29AE54F1003FFB41 /* serprog.c */,
				6368FBDD29AE54F1003FFB41 /* serial.c */,
				6368FBDE29AE54F1003FFB41 /* sb600spi.c */,
				6368FBDF29AE54F1003FFB41 /* satamv.c */,
				6368FBE029AE54F1003FFB41 /* realtek_mst_i2c_spi.c */,
				6368FBE129AE54F1003FFB41 /* rayer_spi.c */,
				6368FBE229AE54F1003FFB41 /* programmer_table.c */,
				6368FBE329AE54F1003FFB41 /* programmer.c */,
				6368FBE429AE54F1003FFB41 /* processor_enable.c */,
				6368FBE529AE54F1003FFB41 /* print_wiki.c */,
				6368FBE629AE54F1003FFB41 /* print.c */,
				6368FBE729AE54F1003FFB41 /* pony_spi.c */,
				6368FBE829AE54F1003FFB41 /* pcidev.c */,
				6368FBE929AE54F1003FFB41 /* parade_lspcon.c */,
				6368FBEA29AE54F1003FFB41 /* nicrealtek.c */,
				6368FBEB29AE54F1003FFB41 /* nicnatsemi.c */,
				6368FBEC29AE54F1003FFB41 /* nic3com.c */,
				6368FBED29AE54F1003FFB41 /* ni845x_spi.c */,
				6368FBEE29AE54F1003FFB41 /* mstarddc_spi.c */,
				6368FBEF29AE54F1003FFB41 /* mediatek_i2c_spi.c */,
				6368FBF029AE54F1003FFB41 /* mcp6x_spi.c */,
				6368FBF129AE54F1003FFB41 /* linux_spi.c */,
				6368FBF229AE54F1003FFB41 /* linux_mtd.c */,
				6368FBF329AE54F1003FFB41 /* layout.c */,
				6368FBF429AE54F1003FFB41 /* known_boards.c */,
				6368FBF529AE54F1003FFB41 /* jlink_spi.c */,
				6368FBF629AE54F1003FFB41 /* jedec.c */,
				6368FBF729AE54F1003FFB41 /* it87spi.c */,
				6368FBF829AE54F1003FFB41 /* internal_par.c */,
				6368FBF929AE54F1003FFB41 /* internal.c */,
				6368FBFA29AE54F1003FFB41 /* ichspi.c */,
				6368FBFB29AE54F1003FFB41 /* ich_descriptors.c */,
				6368FBFC29AE54F1003FFB41 /* i2c_helper_linux.c */,
				6368FBFD29AE54F1003FFB41 /* hwaccess_x86_msr.c */,
				6368FBFE29AE54F1003FFB41 /* hwaccess_x86_io.c */,
				6368FBFF29AE54F1003FFB41 /* hwaccess_physmap.c */,
				6368FC0029AE54F1003FFB41 /* helpers_fileio.c */,
				6368FC0129AE54F1003FFB41 /* en29lv640b.c */,
				6368FC0229AE54F1003FFB41 /* dummyflasher.c */,
				6368FC0329AE54F1003FFB41 /* dmi.c */,
				6368FC0429AE54F1003FFB41 /* erasure_layout.c */,
				6368FC0529AE54F1003FFB41 /* bitbang_spi.c */,
				6368FC0629AE54F1003FFB41 /* cbtable.c */,
				6368FC0729AE54F1003FFB41 /* buspirate_spi.c */,
				6368FC0829AE54F1003FFB41 /* atahpt.c */,
				6368FC0929AE54F1003FFB41 /* at45db.c */,
				6368FC0A29AE54F1003FFB41 /* chipset_enable.c */,
				6368FC0B29AE54F1003FFB41 /* custom_baud_linux.c */,
				6368FC0C29AE54F1003FFB41 /* custom_baud_darwin.c */,
				6368FC0D29AE54F1003FFB41 /* custom_baud.c */,
				6368FC0E29AE54F1003FFB41 /* cli_output.c */,
				6368FC0F29AE54F1003FFB41 /* cli_common.c */,
				6368FC1029AE54F1003FFB41 /* board_enable.c */,
				6368FC1129AE54F1003FFB41 /* amd_imc.c */,
				6368FC1229AE54F1003FFB41 /* 82802ab.c */,
				6368FC1329AE54F1003FFB41 /* helpers.c */,
				6368FC1429AE54F1003FFB41 /* atapromise.c */,
			);
			name = Source;
			sourceTree = "<group>";
		};
		1AB674ADFE9D54B511CA2CBB /* Products */ = {
			isa = PBXGroup;
			children = (
				8DD76FB20486AB0100D96B5E /* flashrom */,
			);
			name = Products;
			sourceTree = "<group>";
		};
		6368FCBF29AE5A81003FFB41 /* Frameworks */ = {
			isa = PBXGroup;
			children = (
				6368FD7329AE5C02003FFB41 /* CoreFoundation.framework */,
				6368FCC029AE5ABD003FFB41 /* IOKit.framework */,
			);
			name = Frameworks;
			sourceTree = "<group>";
		};
		6368FDDB29AE6364003FFB41 /* platform */ = {
			isa = PBXGroup;
			children = (
				6368FDDC29AE6380003FFB41 /* endian_big.c */,
				6368FDDD29AE6380003FFB41 /* endian_little.c */,
				6368FDDE29AE6380003FFB41 /* memaccess.c */,
			);
			name = platform;
			sourceTree = "<group>";
		};
		C6A0FF2B0290797F04C91782 /* Libraries */ = {
			isa = PBXGroup;
			children = (
				6368FD8329AE5F34003FFB41 /* libz.dylib */,
				6368FD8029AE5ECB003FFB41 /* libpci.a */,
				6368FD7D29AE5DF3003FFB41 /* libftdi1.dylib */,
				6368FD7B29AE5D86003FFB41 /* libDirectHW.dylib */,
				6368FD7829AE5D3B003FFB41 /* libusb-1.0.dylib */,
			);
			name = Libraries;
			sourceTree = "<group>";
		};
/* End PBXGroup section */

/* Begin PBXNativeTarget section */
		8DD76FA90486AB0100D96B5E /* flashrom */ = {
			isa = PBXNativeTarget;
			buildConfigurationList = 1DEB928508733DD80010E9CD /* Build configuration list for PBXNativeTarget "flashrom" */;
			buildPhases = (
				8DD76FAB0486AB0100D96B5E /* Sources */,
				8DD76FAD0486AB0100D96B5E /* Frameworks */,
				8DD76FAF0486AB0100D96B5E /* CopyFiles */,
			);
			buildRules = (
			);
			dependencies = (
			);
			name = flashrom;
			productInstallPath = "$(HOME)/bin";
			productName = flashrom;
			productReference = 8DD76FB20486AB0100D96B5E /* flashrom */;
			productType = "com.apple.product-type.tool";
		};
/* End PBXNativeTarget section */

/* Begin PBXProject section */
		08FB7793FE84155DC02AAC07 /* Project object */ = {
			isa = PBXProject;
			buildConfigurationList = 1DEB928908733DD80010E9CD /* Build configuration list for PBXProject "flashrom" */;
			compatibilityVersion = "Xcode 3.1";
			hasScannedForEncodings = 1;
			mainGroup = 08FB7794FE84155DC02AAC07 /* flashrom */;
			projectDirPath = "";
			projectRoot = "";
			targets = (
				8DD76FA90486AB0100D96B5E /* flashrom */,
			);
		};
/* End PBXProject section */

/* Begin PBXSourcesBuildPhase section */
		8DD76FAB0486AB0100D96B5E /* Sources */ = {
			isa = PBXSourcesBuildPhase;
			buildActionMask = 2147483647;
			files = (
				6368FC1529AE54F1003FFB41 /* libflashrom.c in Sources */,
				6368FC1629AE54F1003FFB41 /* flashrom.c in Sources */,
				6368FC1729AE54F1003FFB41 /* fmap.c in Sources */,
				6368FC1829AE54F1003FFB41 /* stlinkv3_spi.c in Sources */,
				6368FC1929AE54F1003FFB41 /* spi.c in Sources */,
				6368FC1A29AE54F1003FFB41 /* ft2232_spi.c in Sources */,
				6368FC1B29AE54F1003FFB41 /* usbblaster_spi.c in Sources */,
				6368FC1C29AE54F1003FFB41 /* nicintel_spi.c in Sources */,
				6368FC1D29AE54F1003FFB41 /* parallel.c in Sources */,
				6368FC1E29AE54F1003FFB41 /* s25f.c in Sources */,
				6368FC1F29AE54F1003FFB41 /* pickit2_spi.c in Sources */,
				6368FC2029AE54F1003FFB41 /* flashchips.c in Sources */,
				6368FC2129AE54F1003FFB41 /* writeprotect.c in Sources */,
				6368FC2229AE54F1003FFB41 /* drkaiser.c in Sources */,
				6368FC2329AE54F1003FFB41 /* nicintel_eeprom.c in Sources */,
				6368FC2429AE54F1003FFB41 /* writeprotect_ranges.c in Sources */,
				6368FC2529AE54F1003FFB41 /* atavia.c in Sources */,
				6368FC2629AE54F1003FFB41 /* nicintel.c in Sources */,
				6368FC2729AE54F1003FFB41 /* developerbox_spi.c in Sources */,
				6368FC2829AE54F1003FFB41 /* ch341a_spi.c in Sources */,
				6368FC2929AE54F1003FFB41 /* gfxnvidia.c in Sources */,
				6368FC2A29AE54F1003FFB41 /* it8212.c in Sources */,
				6368FC2B29AE54F1003FFB41 /* digilent_spi.c in Sources */,
				6368FC2C29AE54F1003FFB41 /* dediprog.c in Sources */,
				6368FC2D29AE54F1003FFB41 /* opaque.c in Sources */,
				6368FC2E29AE54F1003FFB41 /* edi.c in Sources */,
				6368FC2F29AE54F1003FFB41 /* cli_classic.c in Sources */,
				6368FC3029AE54F1003FFB41 /* raiden_debug_spi.c in Sources */,
				6368FC3129AE54F1003FFB41 /* dirtyjtag_spi.c in Sources */,
				6368FC3229AE54F1003FFB41 /* satasii.c in Sources */,
				6368FC3329AE54F1003FFB41 /* ogp_spi.c in Sources */,
				6368FC3529AE54F1003FFB41 /* w39.c in Sources */,
				6368FC3629AE54F1003FFB41 /* w29ee011.c in Sources */,
				6368FC3729AE54F1003FFB41 /* usbdev.c in Sources */,
				6368FC3829AE54F1003FFB41 /* usb_device.c in Sources */,
				6368FC3929AE54F1003FFB41 /* udelay.c in Sources */,
				6368FC3B29AE54F1003FFB41 /* stm50.c in Sources */,
				6368FC3C29AE54F1003FFB41 /* sst_fwhub.c in Sources */,
				6368FC3D29AE54F1003FFB41 /* sst49lfxxxc.c in Sources */,
				6368FC3E29AE54F1003FFB41 /* sst28sf040.c in Sources */,
				6368FC3F29AE54F1003FFB41 /* spi95.c in Sources */,
				6368FC4029AE54F1003FFB41 /* spi25_statusreg.c in Sources */,
				6368FC4129AE54F1003FFB41 /* spi25.c in Sources */,
				6368FC4229AE54F1003FFB41 /* sfdp.c in Sources */,
				6368FC4329AE54F1003FFB41 /* serprog.c in Sources */,
				6368FC4429AE54F1003FFB41 /* serial.c in Sources */,
				6368FC4629AE54F1003FFB41 /* satamv.c in Sources */,
				6368FC4829AE54F1003FFB41 /* rayer_spi.c in Sources */,
				6368FC4929AE54F1003FFB41 /* programmer_table.c in Sources */,
				6368FC4A29AE54F1003FFB41 /* programmer.c in Sources */,
				6368FC4B29AE54F1003FFB41 /* processor_enable.c in Sources */,
				6368FC4C29AE54F1003FFB41 /* print_wiki.c in Sources */,
				6368FC4D29AE54F1003FFB41 /* print.c in Sources */,
				6368FC4E29AE54F1003FFB41 /* pony_spi.c in Sources */,
				6368FC4F29AE54F1003FFB41 /* pcidev.c in Sources */,
				6368FC5129AE54F1003FFB41 /* nicrealtek.c in Sources */,
				6368FC5229AE54F1003FFB41 /* nicnatsemi.c in Sources */,
				6368FC5329AE54F1003FFB41 /* nic3com.c in Sources */,
				6368FC5729AE54F1003FFB41 /* mcp6x_spi.c in Sources */,
				6368FC5A29AE54F1003FFB41 /* layout.c in Sources */,
				6368FC5D29AE54F1003FFB41 /* jedec.c in Sources */,
				6368FC6229AE54F1003FFB41 /* ich_descriptors.c in Sources */,
				6368FC6429AE54F1003FFB41 /* hwaccess_x86_msr.c in Sources */,
				6368FC6529AE54F1003FFB41 /* hwaccess_x86_io.c in Sources */,
				6368FC6729AE54F1003FFB41 /* helpers_fileio.c in Sources */,
				6368FC6829AE54F1003FFB41 /* en29lv640b.c in Sources */,
				6368FC6929AE54F1003FFB41 /* dummyflasher.c in Sources */,
				6368FC6B29AE54F1003FFB41 /* erasure_layout.c in Sources */,
				6368FC6C29AE54F1003FFB41 /* bitbang_spi.c in Sources */,
				6368FC6D29AE54F1003FFB41 /* cbtable.c in Sources */,
				6368FC6E29AE54F1003FFB41 /* buspirate_spi.c in Sources */,
				6368FC6F29AE54F1003FFB41 /* atahpt.c in Sources */,
				6368FC7029AE54F1003FFB41 /* at45db.c in Sources */,
				6368FC7329AE54F1003FFB41 /* custom_baud_darwin.c in Sources */,
				6368FC7529AE54F1003FFB41 /* cli_output.c in Sources */,
				6368FC7629AE54F1003FFB41 /* cli_common.c in Sources */,
				6368FC7929AE54F1003FFB41 /* 82802ab.c in Sources */,
				6368FC7A29AE54F1003FFB41 /* helpers.c in Sources */,
				6368FC7B29AE54F1003FFB41 /* atapromise.c in Sources */,
				6368FDB229AE61E7003FFB41 /* hwaccess_physmap.c in Sources */,
				6368FDDF29AE6380003FFB41 /* endian_big.c in Sources */,
				6368FDE129AE6380003FFB41 /* memaccess.c in Sources */,
			);
			runOnlyForDeploymentPostprocessing = 0;
		};
/* End PBXSourcesBuildPhase section */

/* Begin XCBuildConfiguration section */
		1DEB928608733DD80010E9CD /* Debug */ = {
			isa = XCBuildConfiguration;
			buildSettings = {
				ALWAYS_SEARCH_USER_PATHS = NO;
				COPY_PHASE_STRIP = NO;
				GCC_C_LANGUAGE_STANDARD = "compiler-default";
				GCC_MODEL_TUNING = G5;
				GCC_OPTIMIZATION_LEVEL = 0;
				OTHER_CFLAGS = (
					"-Iinclude",
					"-I/usr/local/include",
					"-I/usr/local/Cellar/libusb/1.0.20/include/libusb-1.0",
					"-I/usr/local/Cellar/libftdi/1.1/include/libftdi1",
					"-I/usr/local/Cellar/libusb/1.0.20/include/libusb-1.0",
					"-D'IS_WINDOWS=0'",
					"-D'__FLASHROM_BIG_ENDIAN__=1'",
					"-D'CONFIG_DEFAULT_PROGRAMMER_NAME=NULL'",
					"-D'CONFIG_DEFAULT_PROGRAMMER_ARGS=\"\"'",
					"-D'CONFIG_INTERNAL_DMI=1'",
					"-D'CONFIG_SERPROG=1'",
					"-D'CONFIG_RAIDEN_DEBUG_SPI=1'",
					"-D'CONFIG_PONY_SPI=1'",
					"-D'CONFIG_GFXNVIDIA=1'",
					"-D'CONFIG_SATASII=1'",
					"-D'CONFIG_ATAVIA=1'",
					"-D'CONFIG_IT8212=1'",
					"-D'CONFIG_FT2232_SPI=1'",
					"-D'CONFIG_USBBLASTER_SPI=1'",
					"-D'CONFIG_PICKIT2_SPI=1'",
					"-D'CONFIG_STLINKV3_SPI=1'",
					"-D'CONFIG_DUMMY=1'",
					"-D'CONFIG_DRKAISER=1'",
					"-D'CONFIG_NICINTEL=1'",
					"-D'CONFIG_NICINTEL_SPI=1'",
					"-D'CONFIG_NICINTEL_EEPROM=1'",
					"-D'CONFIG_OGP_SPI=1'",
					"-D'CONFIG_BUSPIRATE_SPI=1'",
					"-D'CONFIG_DEDIPROG=1'",
					"-D'CONFIG_DEVELOPERBOX_SPI=1'",
					"-D'CONFIG_CH341A_SPI=1'",
					"-D'CONFIG_DIGILENT_SPI=1'",
					"-D'HAVE_FT232H=1'",
					"-D'HAVE_UTSNAME=1'",
					"-D'FLASHROM_VERSION=\"v1.2-1198-g07da526-dirty\"'",
				);
				PRODUCT_NAME = flashrom;
			};
			name = Debug;
		};
		1DEB928708733DD80010E9CD /* Release */ = {
			isa = XCBuildConfiguration;
			buildSettings = {
				ALWAYS_SEARCH_USER_PATHS = NO;
				DEBUG_INFORMATION_FORMAT = "dwarf-with-dsym";
				GCC_C_LANGUAGE_STANDARD = "compiler-default";
				GCC_MODEL_TUNING = G5;
				OTHER_CFLAGS = (
					"-Iinclude",
					"-I/usr/local/include",
					"-I/usr/local/Cellar/libusb/1.0.20/include/libusb-1.0",
					"-I/usr/local/Cellar/libftdi/1.1/include/libftdi1",
					"-I/usr/local/Cellar/libusb/1.0.20/include/libusb-1.0",
					"-D'IS_WINDOWS=0'",
					"-D'__FLASHROM_BIG_ENDIAN__=1'",
					"-D'CONFIG_DEFAULT_PROGRAMMER_NAME=NULL'",
					"-D'CONFIG_DEFAULT_PROGRAMMER_ARGS=\"\"'",
					"-D'CONFIG_INTERNAL_DMI=1'",
					"-D'CONFIG_SERPROG=1'",
					"-D'CONFIG_RAIDEN_DEBUG_SPI=1'",
					"-D'CONFIG_PONY_SPI=1'",
					"-D'CONFIG_GFXNVIDIA=1'",
					"-D'CONFIG_SATASII=1'",
					"-D'CONFIG_ATAVIA=1'",
					"-D'CONFIG_IT8212=1'",
					"-D'CONFIG_FT2232_SPI=1'",
					"-D'CONFIG_USBBLASTER_SPI=1'",
					"-D'CONFIG_PICKIT2_SPI=1'",
					"-D'CONFIG_STLINKV3_SPI=1'",
					"-D'CONFIG_DUMMY=1'",
					"-D'CONFIG_DRKAISER=1'",
					"-D'CONFIG_NICINTEL=1'",
					"-D'CONFIG_NICINTEL_SPI=1'",
					"-D'CONFIG_NICINTEL_EEPROM=1'",
					"-D'CONFIG_OGP_SPI=1'",
					"-D'CONFIG_BUSPIRATE_SPI=1'",
					"-D'CONFIG_DEDIPROG=1'",
					"-D'CONFIG_DEVELOPERBOX_SPI=1'",
					"-D'CONFIG_CH341A_SPI=1'",
					"-D'CONFIG_DIGILENT_SPI=1'",
					"-D'HAVE_FT232H=1'",
					"-D'HAVE_UTSNAME=1'",
					"-D'FLASHROM_VERSION=\"v1.2-1198-g07da526-dirty\"'",
				);
				PRODUCT_NAME = flashrom;
			};
			name = Release;
		};
		1DEB928A08733DD80010E9CD /* Debug */ = {
			isa = XCBuildConfiguration;
			buildSettings = {
				ARCHS = "$(ARCHS_STANDARD_32_BIT)";
				GCC_C_LANGUAGE_STANDARD = c99;
				GCC_OPTIMIZATION_LEVEL = 0;
				GCC_WARN_ABOUT_RETURN_TYPE = YES;
				GCC_WARN_UNUSED_VARIABLE = YES;
				ONLY_ACTIVE_ARCH = YES;
				PREBINDING = NO;
				SDKROOT = macosx10.5;
			};
			name = Debug;
		};
		1DEB928B08733DD80010E9CD /* Release */ = {
			isa = XCBuildConfiguration;
			buildSettings = {
				ARCHS = "$(ARCHS_STANDARD_32_BIT)";
				GCC_C_LANGUAGE_STANDARD = c99;
				GCC_WARN_ABOUT_RETURN_TYPE = YES;
				GCC_WARN_UNUSED_VARIABLE = YES;
				PREBINDING = NO;
				SDKROOT = macosx10.5;
			};
			name = Release;
		};
/* End XCBuildConfiguration section */

/* Begin XCConfigurationList section */
		1DEB928508733DD80010E9CD /* Build configuration list for PBXNativeTarget "flashrom" */ = {
			isa = XCConfigurationList;
			buildConfigurations = (
				1DEB928608733DD80010E9CD /* Debug */,
				1DEB928708733DD80010E9CD /* Release */,
			);
			defaultConfigurationIsVisible = 0;
			defaultConfigurationName = Release;
		};
		1DEB928908733DD80010E9CD /* Build configuration list for PBXProject "flashrom" */ = {
			isa = XCConfigurationList;
			buildConfigurations = (
				1DEB928A08733DD80010E9CD /* Debug */,
				1DEB928B08733DD80010E9CD /* Release */,
			);
			defaultConfigurationIsVisible = 0;
			defaultConfigurationName = Release;
		};
/* End XCConfigurationList section */
	};
	rootObject = 08FB7793FE84155DC02AAC07 /* Project object */;
}
